// !$*UTF8*$!
{
	archiveVersion = 1;
	classes = {
	};
	objectVersion = 50;
	objects = {

/* Begin PBXBuildFile section */
		D92628A821E3FDEF00B3CE17 /* AppDelegate.swift in Sources */ = {isa = PBXBuildFile; fileRef = D92628A721E3FDEF00B3CE17 /* AppDelegate.swift */; };
		D92628AA21E3FDEF00B3CE17 /* ViewController.swift in Sources */ = {isa = PBXBuildFile; fileRef = D92628A921E3FDEF00B3CE17 /* ViewController.swift */; };
		D92628AD21E3FDEF00B3CE17 /* Main.storyboard in Resources */ = {isa = PBXBuildFile; fileRef = D92628AB21E3FDEF00B3CE17 /* Main.storyboard */; };
		D92628AF21E3FDF100B3CE17 /* Assets.xcassets in Resources */ = {isa = PBXBuildFile; fileRef = D92628AE21E3FDF100B3CE17 /* Assets.xcassets */; };
		D92628B221E3FDF100B3CE17 /* LaunchScreen.storyboard in Resources */ = {isa = PBXBuildFile; fileRef = D92628B021E3FDF100B3CE17 /* LaunchScreen.storyboard */; };
/* End PBXBuildFile section */

/* Begin PBXFileReference section */
		D92628A421E3FDEF00B3CE17 /* VKWebViewBrowser.app */ = {isa = PBXFileReference; explicitFileType = wrapper.application; includeInIndex = 0; path = VKWebViewBrowser.app; sourceTree = BUILT_PRODUCTS_DIR; };
		D92628A721E3FDEF00B3CE17 /* AppDelegate.swift */ = {isa = PBXFileReference; lastKnownFileType = sourcecode.swift; path = AppDelegate.swift; sourceTree = "<group>"; };
		D92628A921E3FDEF00B3CE17 /* ViewController.swift */ = {isa = PBXFileReference; lastKnownFileType = sourcecode.swift; path = ViewController.swift; sourceTree = "<group>"; };
		D92628AC21E3FDEF00B3CE17 /* Base */ = {isa = PBXFileReference; lastKnownFileType = file.storyboard; name = Base; path = Base.lproj/Main.storyboard; sourceTree = "<group>"; };
		D92628AE21E3FDF100B3CE17 /* Assets.xcassets */ = {isa = PBXFileReference; lastKnownFileType = folder.assetcatalog; path = Assets.xcassets; sourceTree = "<group>"; };
		D92628B121E3FDF100B3CE17 /* Base */ = {isa = PBXFileReference; lastKnownFileType = file.storyboard; name = Base; path = Base.lproj/LaunchScreen.storyboard; sourceTree = "<group>"; };
		D92628B321E3FDF100B3CE17 /* Info.plist */ = {isa = PBXFileReference; lastKnownFileType = text.plist.xml; path = Info.plist; sourceTree = "<group>"; };
/* End PBXFileReference section */

/* Begin PBXFrameworksBuildPhase section */
		D92628A121E3FDEF00B3CE17 /* Frameworks */ = {
			isa = PBXFrameworksBuildPhase;
			buildActionMask = 2147483647;
			files = (
			);
			runOnlyForDeploymentPostprocessing = 0;
		};
/* End PBXFrameworksBuildPhase section */

/* Begin PBXGroup section */
		D926289B21E3FDEF00B3CE17 = {
			isa = PBXGroup;
			children = (
				D92628A621E3FDEF00B3CE17 /* VKWebViewBrowser */,
				D92628A521E3FDEF00B3CE17 /* Products */,
			);
			sourceTree = "<group>";
		};
		D92628A521E3FDEF00B3CE17 /* Products */ = {
			isa = PBXGroup;
			children = (
				D92628A421E3FDEF00B3CE17 /* VKWebViewBrowser.app */,
			);
			name = Products;
			sourceTree = "<group>";
		};
		D92628A621E3FDEF00B3CE17 /* VKWebViewBrowser */ = {
			isa = PBXGroup;
			children = (
				D92628A721E3FDEF00B3CE17 /* AppDelegate.swift */,
				D92628A921E3FDEF00B3CE17 /* ViewController.swift */,
				D92628AB21E3FDEF00B3CE17 /* Main.storyboard */,
				D92628AE21E3FDF100B3CE17 /* Assets.xcassets */,
				D92628B021E3FDF100B3CE17 /* LaunchScreen.storyboard */,
				D92628B321E3FDF100B3CE17 /* Info.plist */,
			);
			path = VKWebViewBrowser;
			sourceTree = "<group>";
		};
/* End PBXGroup section */

/* Begin PBXNativeTarget section */
		D92628A321E3FDEF00B3CE17 /* VKWebViewBrowser */ = {
			isa = PBXNativeTarget;
			buildConfigurationList = D92628B621E3FDF100B3CE17 /* Build configuration list for PBXNativeTarget "VKWebViewBrowser" */;
			buildPhases = (
				D92628A021E3FDEF00B3CE17 /* Sources */,
				D92628A121E3FDEF00B3CE17 /* Frameworks */,
				D92628A221E3FDEF00B3CE17 /* Resources */,
			);
			buildRules = (
			);
			dependencies = (
			);
			name = VKWebViewBrowser;
			productName = VKWebViewBrowser;
			productReference = D92628A421E3FDEF00B3CE17 /* VKWebViewBrowser.app */;
			productType = "com.apple.product-type.application";
		};
/* End PBXNativeTarget section */

/* Begin PBXProject section */
		D926289C21E3FDEF00B3CE17 /* Project object */ = {
			isa = PBXProject;
			attributes = {
				LastSwiftUpdateCheck = 1010;
				LastUpgradeCheck = 1010;
				ORGANIZATIONNAME = "Johansson Group";
				TargetAttributes = {
					D92628A321E3FDEF00B3CE17 = {
						CreatedOnToolsVersion = 10.1;
					};
				};
			};
			buildConfigurationList = D926289F21E3FDEF00B3CE17 /* Build configuration list for PBXProject "VKWebViewBrowser" */;
			compatibilityVersion = "Xcode 9.3";
			developmentRegion = en;
			hasScannedForEncodings = 0;
			knownRegions = (
				en,
				Base,
			);
			mainGroup = D926289B21E3FDEF00B3CE17;
			productRefGroup = D92628A521E3FDEF00B3CE17 /* Products */;
			projectDirPath = "";
			projectRoot = "";
			targets = (
				D92628A321E3FDEF00B3CE17 /* VKWebViewBrowser */,
			);
		};
/* End PBXProject section */

/* Begin PBXResourcesBuildPhase section */
		D92628A221E3FDEF00B3CE17 /* Resources */ = {
			isa = PBXResourcesBuildPhase;
			buildActionMask = 2147483647;
			files = (
				D92628B221E3FDF100B3CE17 /* LaunchScreen.storyboard in Resources */,
				D92628AF21E3FDF100B3CE17 /* Assets.xcassets in Resources */,
				D92628AD21E3FDEF00B3CE17 /* Main.storyboard in Resources */,
			);
			runOnlyForDeploymentPostprocessing = 0;
		};
/* End PBXResourcesBuildPhase section */

/* Begin PBXSourcesBuildPhase section */
		D92628A021E3FDEF00B3CE17 /* Sources */ = {
			isa = PBXSourcesBuildPhase;
			buildActionMask = 2147483647;
			files = (
				D92628AA21E3FDEF00B3CE17 /* ViewController.swift in Sources */,
				D92628A821E3FDEF00B3CE17 /* AppDelegate.swift in Sources */,
			);
			runOnlyForDeploymentPostprocessing = 0;
		};
/* End PBXSourcesBuildPhase section */

/* Begin PBXVariantGroup section */
		D92628AB21E3FDEF00B3CE17 /* Main.storyboard */ = {
			isa = PBXVariantGroup;
			children = (
				D92628AC21E3FDEF00B3CE17 /* Base */,
			);
			name = Main.storyboard;
			sourceTree = "<group>";
		};
		D92628B021E3FDF100B3CE17 /* LaunchScreen.storyboard */ = {
			isa = PBXVariantGroup;
			children = (
				D92628B121E3FDF100B3CE17 /* Base */,
			);
			name = LaunchScreen.storyboard;
			sourceTree = "<group>";
		};
/* End PBXVariantGroup section */

/* Begin XCBuildConfiguration section */
		D92628B421E3FDF100B3CE17 /* Debug */ = {
			isa = XCBuildConfiguration;
			buildSettings = {
				ALWAYS_SEARCH_USER_PATHS = NO;
				CLANG_ANALYZER_NONNULL = YES;
				CLANG_ANALYZER_NUMBER_OBJECT_CONVERSION = YES_AGGRESSIVE;
				CLANG_CXX_LANGUAGE_STANDARD = "gnu++14";
				CLANG_CXX_LIBRARY = "libc++";
				CLANG_ENABLE_MODULES = YES;
				CLANG_ENABLE_OBJC_ARC = YES;
				CLANG_ENABLE_OBJC_WEAK = YES;
				CLANG_WARN_BLOCK_CAPTURE_AUTORELEASING = YES;
				CLANG_WARN_BOOL_CONVERSION = YES;
				CLANG_WARN_COMMA = YES;
				CLANG_WARN_CONSTANT_CONVERSION = YES;
				CLANG_WARN_DEPRECATED_OBJC_IMPLEMENTATIONS = YES;
				CLANG_WARN_DIRECT_OBJC_ISA_USAGE = YES_ERROR;
				CLANG_WARN_DOCUMENTATION_COMMENTS = YES;
				CLANG_WARN_EMPTY_BODY = YES;
				CLANG_WARN_ENUM_CONVERSION = YES;
				CLANG_WARN_INFINITE_RECURSION = YES;
				CLANG_WARN_INT_CONVERSION = YES;
				CLANG_WARN_NON_LITERAL_NULL_CONVERSION = YES;
				CLANG_WARN_OBJC_IMPLICIT_RETAIN_SELF = YES;
				CLANG_WARN_OBJC_LITERAL_CONVERSION = YES;
				CLANG_WARN_OBJC_ROOT_CLASS = YES_ERROR;
				CLANG_WARN_RANGE_LOOP_ANALYSIS = YES;
				CLANG_WARN_STRICT_PROTOTYPES = YES;
				CLANG_WARN_SUSPICIOUS_MOVE = YES;
				CLANG_WARN_UNGUARDED_AVAILABILITY = YES_AGGRESSIVE;
				CLANG_WARN_UNREACHABLE_CODE = YES;
				CLANG_WARN__DUPLICATE_METHOD_MATCH = YES;
				CODE_SIGN_IDENTITY = "iPhone Developer";
				COPY_PHASE_STRIP = NO;
				DEBUG_INFORMATION_FORMAT = dwarf;
				ENABLE_STRICT_OBJC_MSGSEND = YES;
				ENABLE_TESTABILITY = YES;
				GCC_C_LANGUAGE_STANDARD = gnu11;
				GCC_DYNAMIC_NO_PIC = NO;
				GCC_NO_COMMON_BLOCKS = YES;
				GCC_OPTIMIZATION_LEVEL = 0;
				GCC_PREPROCESSOR_DEFINITIONS = (
					"DEBUG=1",
					"$(inherited)",
				);
				GCC_WARN_64_TO_32_BIT_CONVERSION = YES;
				GCC_WARN_ABOUT_RETURN_TYPE = YES_ERROR;
				GCC_WARN_UNDECLARED_SELECTOR = YES;
				GCC_WARN_UNINITIALIZED_AUTOS = YES_AGGRESSIVE;
				GCC_WARN_UNUSED_FUNCTION = YES;
				GCC_WARN_UNUSED_VARIABLE = YES;
				IPHONEOS_DEPLOYMENT_TARGET = 12.1;
				MTL_ENABLE_DEBUG_INFO = INCLUDE_SOURCE;
				MTL_FAST_MATH = YES;
				ONLY_ACTIVE_ARCH = YES;
				SDKROOT = iphoneos;
				SWIFT_ACTIVE_COMPILATION_CONDITIONS = DEBUG;
				SWIFT_OPTIMIZATION_LEVEL = "-Onone";
			};
			name = Debug;
		};
		D92628B521E3FDF100B3CE17 /* Release */ = {
			isa = XCBuildConfiguration;
			buildSettings = {
				ALWAYS_SEARCH_USER_PATHS = NO;
				CLANG_ANALYZER_NONNULL = YES;
				CLANG_ANALYZER_NUMBER_OBJECT_CONVERSION = YES_AGGRESSIVE;
				CLANG_CXX_LANGUAGE_STANDARD = "gnu++14";
				CLANG_CXX_LIBRARY = "libc++";
				CLANG_ENABLE_MODULES = YES;
				CLANG_ENABLE_OBJC_ARC = YES;
				CLANG_ENABLE_OBJC_WEAK = YES;
				CLANG_WARN_BLOCK_CAPTURE_AUTORELEASING = YES;
				CLANG_WARN_BOOL_CONVERSION = YES;
				CLANG_WARN_COMMA = YES;
				CLANG_WARN_CONSTANT_CONVERSION = YES;
				CLANG_WARN_DEPRECATED_OBJC_IMPLEMENTATIONS = YES;
				CLANG_WARN_DIRECT_OBJC_ISA_USAGE = YES_ERROR;
				CLANG_WARN_DOCUMENTATION_COMMENTS = YES;
				CLANG_WARN_EMPTY_BODY = YES;
				CLANG_WARN_ENUM_CONVERSION = YES;
				CLANG_WARN_INFINITE_RECURSION = YES;
				CLANG_WARN_INT_CONVERSION = YES;
				CLANG_WARN_NON_LITERAL_NULL_CONVERSION = YES;
				CLANG_WARN_OBJC_IMPLICIT_RETAIN_SELF = YES;
				CLANG_WARN_OBJC_LITERAL_CONVERSION = YES;
				CLANG_WARN_OBJC_ROOT_CLASS = YES_ERROR;
				CLANG_WARN_RANGE_LOOP_ANALYSIS = YES;
				CLANG_WARN_STRICT_PROTOTYPES = YES;
				CLANG_WARN_SUSPICIOUS_MOVE = YES;
				CLANG_WARN_UNGUARDED_AVAILABILITY = YES_AGGRESSIVE;
				CLANG_WARN_UNREACHABLE_CODE = YES;
				CLANG_WARN__DUPLICATE_METHOD_MATCH = YES;
				CODE_SIGN_IDENTITY = "iPhone Developer";
				COPY_PHASE_STRIP = NO;
				DEBUG_INFORMATION_FORMAT = "dwarf-with-dsym";
				ENABLE_NS_ASSERTIONS = NO;
				ENABLE_STRICT_OBJC_MSGSEND = YES;
				GCC_C_LANGUAGE_STANDARD = gnu11;
				GCC_NO_COMMON_BLOCKS = YES;
				GCC_WARN_64_TO_32_BIT_CONVERSION = YES;
				GCC_WARN_ABOUT_RETURN_TYPE = YES_ERROR;
				GCC_WARN_UNDECLARED_SELECTOR = YES;
				GCC_WARN_UNINITIALIZED_AUTOS = YES_AGGRESSIVE;
				GCC_WARN_UNUSED_FUNCTION = YES;
				GCC_WARN_UNUSED_VARIABLE = YES;
				IPHONEOS_DEPLOYMENT_TARGET = 12.1;
				MTL_ENABLE_DEBUG_INFO = NO;
				MTL_FAST_MATH = YES;
				SDKROOT = iphoneos;
				SWIFT_COMPILATION_MODE = wholemodule;
				SWIFT_OPTIMIZATION_LEVEL = "-O";
				VALIDATE_PRODUCT = YES;
			};
			name = Release;
		};
		D92628B721E3FDF100B3CE17 /* Debug */ = {
			isa = XCBuildConfiguration;
			buildSettings = {
				ASSETCATALOG_COMPILER_APPICON_NAME = AppIcon;
				CODE_SIGN_STYLE = Automatic;
				DEVELOPMENT_TEAM = B4FXKBHXYA;
				INFOPLIST_FILE = VKWebViewBrowser/Info.plist;
				LD_RUNPATH_SEARCH_PATHS = (
					"$(inherited)",
					"@executable_path/Frameworks",
				);
				PRODUCT_BUNDLE_IDENTIFIER = JG.VKWebViewBrowser;
				PRODUCT_NAME = "$(TARGET_NAME)";
				SWIFT_VERSION = 4.2;
				TARGETED_DEVICE_FAMILY = "1,2";
			};
			name = Debug;
		};
		D92628B821E3FDF100B3CE17 /* Release */ = {
			isa = XCBuildConfiguration;
			buildSettings = {
				ASSETCATALOG_COMPILER_APPICON_NAME = AppIcon;
				CODE_SIGN_STYLE = Automatic;
				DEVELOPMENT_TEAM = B4FXKBHXYA;
				INFOPLIST_FILE = VKWebViewBrowser/Info.plist;
				LD_RUNPATH_SEARCH_PATHS = (
					"$(inherited)",
					"@executable_path/Frameworks",
				);
				PRODUCT_BUNDLE_IDENTIFIER = JG.VKWebViewBrowser;
				PRODUCT_NAME = "$(TARGET_NAME)";
				SWIFT_VERSION = 4.2;
				TARGETED_DEVICE_FAMILY = "1,2";
			};
			name = Release;
		};
/* End XCBuildConfiguration section */

/* Begin XCConfigurationList section */
		D926289F21E3FDEF00B3CE17 /* Build configuration list for PBXProject "VKWebViewBrowser" */ = {
			isa = XCConfigurationList;
			buildConfigurations = (
				D92628B421E3FDF100B3CE17 /* Debug */,
				D92628B521E3FDF100B3CE17 /* Release */,
			);
			defaultConfigurationIsVisible = 0;
			defaultConfigurationName = Release;
		};
		D92628B621E3FDF100B3CE17 /* Build configuration list for PBXNativeTarget "VKWebViewBrowser" */ = {
			isa = XCConfigurationList;
			buildConfigurations = (
				D92628B721E3FDF100B3CE17 /* Debug */,
				D92628B821E3FDF100B3CE17 /* Release */,
			);
			defaultConfigurationIsVisible = 0;
			defaultConfigurationName = Release;
		};
/* End XCConfigurationList section */
	};
	rootObject = D926289C21E3FDEF00B3CE17 /* Project object */;
}
